// !$*UTF8*$!
{
	archiveVersion = 1;
	classes = {
	};
	objectVersion = 46;
	objects = {

/* Begin PBXBuildFile section */
		04B8EFB118D2B1CA00D4E13A /* Foundation.framework in Frameworks */ = {isa = PBXBuildFile; fileRef = 04B8EFB018D2B1CA00D4E13A /* Foundation.framework */; };
		04B8EFB318D2B1CA00D4E13A /* CoreGraphics.framework in Frameworks */ = {isa = PBXBuildFile; fileRef = 04B8EFB218D2B1CA00D4E13A /* CoreGraphics.framework */; };
		04B8EFB518D2B1CA00D4E13A /* UIKit.framework in Frameworks */ = {isa = PBXBuildFile; fileRef = 04B8EFB418D2B1CA00D4E13A /* UIKit.framework */; };
		04B8EFBB18D2B1CA00D4E13A /* InfoPlist.strings in Resources */ = {isa = PBXBuildFile; fileRef = 04B8EFB918D2B1CA00D4E13A /* InfoPlist.strings */; };
		04B8EFBD18D2B1CA00D4E13A /* main.m in Sources */ = {isa = PBXBuildFile; fileRef = 04B8EFBC18D2B1CA00D4E13A /* main.m */; };
		04B8EFC118D2B1CA00D4E13A /* AppDelegate.m in Sources */ = {isa = PBXBuildFile; fileRef = 04B8EFC018D2B1CA00D4E13A /* AppDelegate.m */; };
		04B8EFC418D2B1CA00D4E13A /* Main.storyboard in Resources */ = {isa = PBXBuildFile; fileRef = 04B8EFC218D2B1CA00D4E13A /* Main.storyboard */; };
		04B8EFC718D2B1CA00D4E13A /* ViewController.m in Sources */ = {isa = PBXBuildFile; fileRef = 04B8EFC618D2B1CA00D4E13A /* ViewController.m */; };
		04B8EFC918D2B1CA00D4E13A /* Images.xcassets in Resources */ = {isa = PBXBuildFile; fileRef = 04B8EFC818D2B1CA00D4E13A /* Images.xcassets */; };
		04B8EFD018D2B1CA00D4E13A /* XCTest.framework in Frameworks */ = {isa = PBXBuildFile; fileRef = 04B8EFCF18D2B1CA00D4E13A /* XCTest.framework */; };
		04B8EFD118D2B1CA00D4E13A /* Foundation.framework in Frameworks */ = {isa = PBXBuildFile; fileRef = 04B8EFB018D2B1CA00D4E13A /* Foundation.framework */; };
		04B8EFD218D2B1CA00D4E13A /* UIKit.framework in Frameworks */ = {isa = PBXBuildFile; fileRef = 04B8EFB418D2B1CA00D4E13A /* UIKit.framework */; };
		04B8EFDA18D2B1CA00D4E13A /* InfoPlist.strings in Resources */ = {isa = PBXBuildFile; fileRef = 04B8EFD818D2B1CA00D4E13A /* InfoPlist.strings */; };
		04B8EFDC18D2B1CA00D4E13A /* IntergalacticTravelTests.m in Sources */ = {isa = PBXBuildFile; fileRef = 04B8EFDB18D2B1CA00D4E13A /* IntergalacticTravelTests.m */; };
		04B8EFE718D2B53000D4E13A /* DestinationViewController.m in Sources */ = {isa = PBXBuildFile; fileRef = 04B8EFE618D2B53000D4E13A /* DestinationViewController.m */; };
		04B8EFE918D2B74200D4E13A /* red_dwarf.png in Resources */ = {isa = PBXBuildFile; fileRef = 04B8EFE818D2B74200D4E13A /* red_dwarf.png */; };
		04B8EFEB18D2B99C00D4E13A /* Purple_Planet_by_SaptaRishi.png in Resources */ = {isa = PBXBuildFile; fileRef = 04B8EFEA18D2B99C00D4E13A /* Purple_Planet_by_SaptaRishi.png */; };
/* End PBXBuildFile section */

/* Begin PBXContainerItemProxy section */
		04B8EFD318D2B1CA00D4E13A /* PBXContainerItemProxy */ = {
			isa = PBXContainerItemProxy;
			containerPortal = 04B8EFA518D2B1CA00D4E13A /* Project object */;
			proxyType = 1;
			remoteGlobalIDString = 04B8EFAC18D2B1CA00D4E13A;
			remoteInfo = IntergalacticTravel;
		};
/* End PBXContainerItemProxy section */

/* Begin PBXFileReference section */
		04B8EFAD18D2B1CA00D4E13A /* IntergalacticTravel.app */ = {isa = PBXFileReference; explicitFileType = wrapper.application; includeInIndex = 0; path = IntergalacticTravel.app; sourceTree = BUILT_PRODUCTS_DIR; };
		04B8EFB018D2B1CA00D4E13A /* Foundation.framework */ = {isa = PBXFileReference; lastKnownFileType = wrapper.framework; name = Foundation.framework; path = System/Library/Frameworks/Foundation.framework; sourceTree = SDKROOT; };
		04B8EFB218D2B1CA00D4E13A /* CoreGraphics.framework */ = {isa = PBXFileReference; lastKnownFileType = wrapper.framework; name = CoreGraphics.framework; path = System/Library/Frameworks/CoreGraphics.framework; sourceTree = SDKROOT; };
		04B8EFB418D2B1CA00D4E13A /* UIKit.framework */ = {isa = PBXFileReference; lastKnownFileType = wrapper.framework; name = UIKit.framework; path = System/Library/Frameworks/UIKit.framework; sourceTree = SDKROOT; };
		04B8EFB818D2B1CA00D4E13A /* IntergalacticTravel-Info.plist */ = {isa = PBXFileReference; lastKnownFileType = text.plist.xml; path = "IntergalacticTravel-Info.plist"; sourceTree = "<group>"; };
		04B8EFBA18D2B1CA00D4E13A /* en */ = {isa = PBXFileReference; lastKnownFileType = text.plist.strings; name = en; path = en.lproj/InfoPlist.strings; sourceTree = "<group>"; };
		04B8EFBC18D2B1CA00D4E13A /* main.m */ = {isa = PBXFileReference; lastKnownFileType = sourcecode.c.objc; path = main.m; sourceTree = "<group>"; };
		04B8EFBE18D2B1CA00D4E13A /* IntergalacticTravel-Prefix.pch */ = {isa = PBXFileReference; lastKnownFileType = sourcecode.c.h; path = "IntergalacticTravel-Prefix.pch"; sourceTree = "<group>"; };
		04B8EFBF18D2B1CA00D4E13A /* AppDelegate.h */ = {isa = PBXFileReference; lastKnownFileType = sourcecode.c.h; path = AppDelegate.h; sourceTree = "<group>"; };
		04B8EFC018D2B1CA00D4E13A /* AppDelegate.m */ = {isa = PBXFileReference; lastKnownFileType = sourcecode.c.objc; path = AppDelegate.m; sourceTree = "<group>"; };
		04B8EFC318D2B1CA00D4E13A /* Base */ = {isa = PBXFileReference; lastKnownFileType = file.storyboard; name = Base; path = Base.lproj/Main.storyboard; sourceTree = "<group>"; };
		04B8EFC518D2B1CA00D4E13A /* ViewController.h */ = {isa = PBXFileReference; lastKnownFileType = sourcecode.c.h; path = ViewController.h; sourceTree = "<group>"; };
		04B8EFC618D2B1CA00D4E13A /* ViewController.m */ = {isa = PBXFileReference; lastKnownFileType = sourcecode.c.objc; path = ViewController.m; sourceTree = "<group>"; };
		04B8EFC818D2B1CA00D4E13A /* Images.xcassets */ = {isa = PBXFileReference; lastKnownFileType = folder.assetcatalog; path = Images.xcassets; sourceTree = "<group>"; };
		04B8EFCE18D2B1CA00D4E13A /* IntergalacticTravelTests.xctest */ = {isa = PBXFileReference; explicitFileType = wrapper.cfbundle; includeInIndex = 0; path = IntergalacticTravelTests.xctest; sourceTree = BUILT_PRODUCTS_DIR; };
		04B8EFCF18D2B1CA00D4E13A /* XCTest.framework */ = {isa = PBXFileReference; lastKnownFileType = wrapper.framework; name = XCTest.framework; path = Library/Frameworks/XCTest.framework; sourceTree = DEVELOPER_DIR; };
		04B8EFD718D2B1CA00D4E13A /* IntergalacticTravelTests-Info.plist */ = {isa = PBXFileReference; lastKnownFileType = text.plist.xml; path = "IntergalacticTravelTests-Info.plist"; sourceTree = "<group>"; };
		04B8EFD918D2B1CA00D4E13A /* en */ = {isa = PBXFileReference; lastKnownFileType = text.plist.strings; name = en; path = en.lproj/InfoPlist.strings; sourceTree = "<group>"; };
		04B8EFDB18D2B1CA00D4E13A /* IntergalacticTravelTests.m */ = {isa = PBXFileReference; lastKnownFileType = sourcecode.c.objc; path = IntergalacticTravelTests.m; sourceTree = "<group>"; };
		04B8EFE518D2B53000D4E13A /* DestinationViewController.h */ = {isa = PBXFileReference; fileEncoding = 4; lastKnownFileType = sourcecode.c.h; path = DestinationViewController.h; sourceTree = "<group>"; };
		04B8EFE618D2B53000D4E13A /* DestinationViewController.m */ = {isa = PBXFileReference; fileEncoding = 4; lastKnownFileType = sourcecode.c.objc; path = DestinationViewController.m; sourceTree = "<group>"; };
		04B8EFE818D2B74200D4E13A /* red_dwarf.png */ = {isa = PBXFileReference; lastKnownFileType = image.png; path = red_dwarf.png; sourceTree = "<group>"; };
		04B8EFEA18D2B99C00D4E13A /* Purple_Planet_by_SaptaRishi.png */ = {isa = PBXFileReference; lastKnownFileType = image.png; path = Purple_Planet_by_SaptaRishi.png; sourceTree = "<group>"; };
/* End PBXFileReference section */

/* Begin PBXFrameworksBuildPhase section */
		04B8EFAA18D2B1CA00D4E13A /* Frameworks */ = {
			isa = PBXFrameworksBuildPhase;
			buildActionMask = 2147483647;
			files = (
				04B8EFB318D2B1CA00D4E13A /* CoreGraphics.framework in Frameworks */,
				04B8EFB518D2B1CA00D4E13A /* UIKit.framework in Frameworks */,
				04B8EFB118D2B1CA00D4E13A /* Foundation.framework in Frameworks */,
			);
			runOnlyForDeploymentPostprocessing = 0;
		};
		04B8EFCB18D2B1CA00D4E13A /* Frameworks */ = {
			isa = PBXFrameworksBuildPhase;
			buildActionMask = 2147483647;
			files = (
				04B8EFD018D2B1CA00D4E13A /* XCTest.framework in Frameworks */,
				04B8EFD218D2B1CA00D4E13A /* UIKit.framework in Frameworks */,
				04B8EFD118D2B1CA00D4E13A /* Foundation.framework in Frameworks */,
			);
			runOnlyForDeploymentPostprocessing = 0;
		};
/* End PBXFrameworksBuildPhase section */

/* Begin PBXGroup section */
		04B8EFA418D2B1CA00D4E13A = {
			isa = PBXGroup;
			children = (
				04B8EFB618D2B1CA00D4E13A /* IntergalacticTravel */,
				04B8EFD518D2B1CA00D4E13A /* IntergalacticTravelTests */,
				04B8EFAF18D2B1CA00D4E13A /* Frameworks */,
				04B8EFAE18D2B1CA00D4E13A /* Products */,
			);
			sourceTree = "<group>";
		};
		04B8EFAE18D2B1CA00D4E13A /* Products */ = {
			isa = PBXGroup;
			children = (
				04B8EFAD18D2B1CA00D4E13A /* IntergalacticTravel.app */,
				04B8EFCE18D2B1CA00D4E13A /* IntergalacticTravelTests.xctest */,
			);
			name = Products;
			sourceTree = "<group>";
		};
		04B8EFAF18D2B1CA00D4E13A /* Frameworks */ = {
			isa = PBXGroup;
			children = (
				04B8EFB018D2B1CA00D4E13A /* Foundation.framework */,
				04B8EFB218D2B1CA00D4E13A /* CoreGraphics.framework */,
				04B8EFB418D2B1CA00D4E13A /* UIKit.framework */,
				04B8EFCF18D2B1CA00D4E13A /* XCTest.framework */,
			);
			name = Frameworks;
			sourceTree = "<group>";
		};
		04B8EFB618D2B1CA00D4E13A /* IntergalacticTravel */ = {
			isa = PBXGroup;
			children = (
				04B8EFEA18D2B99C00D4E13A /* Purple_Planet_by_SaptaRishi.png */,
				04B8EFE818D2B74200D4E13A /* red_dwarf.png */,
				04B8EFBF18D2B1CA00D4E13A /* AppDelegate.h */,
				04B8EFC018D2B1CA00D4E13A /* AppDelegate.m */,
				04B8EFC218D2B1CA00D4E13A /* Main.storyboard */,
				04B8EFE518D2B53000D4E13A /* DestinationViewController.h */,
				04B8EFE618D2B53000D4E13A /* DestinationViewController.m */,
				04B8EFC518D2B1CA00D4E13A /* ViewController.h */,
				04B8EFC618D2B1CA00D4E13A /* ViewController.m */,
				04B8EFC818D2B1CA00D4E13A /* Images.xcassets */,
				04B8EFB718D2B1CA00D4E13A /* Supporting Files */,
			);
			path = IntergalacticTravel;
			sourceTree = "<group>";
		};
		04B8EFB718D2B1CA00D4E13A /* Supporting Files */ = {
			isa = PBXGroup;
			children = (
				04B8EFB818D2B1CA00D4E13A /* IntergalacticTravel-Info.plist */,
				04B8EFB918D2B1CA00D4E13A /* InfoPlist.strings */,
				04B8EFBC18D2B1CA00D4E13A /* main.m */,
				04B8EFBE18D2B1CA00D4E13A /* IntergalacticTravel-Prefix.pch */,
			);
			name = "Supporting Files";
			sourceTree = "<group>";
		};
		04B8EFD518D2B1CA00D4E13A /* IntergalacticTravelTests */ = {
			isa = PBXGroup;
			children = (
				04B8EFDB18D2B1CA00D4E13A /* IntergalacticTravelTests.m */,
				04B8EFD618D2B1CA00D4E13A /* Supporting Files */,
			);
			path = IntergalacticTravelTests;
			sourceTree = "<group>";
		};
		04B8EFD618D2B1CA00D4E13A /* Supporting Files */ = {
			isa = PBXGroup;
			children = (
				04B8EFD718D2B1CA00D4E13A /* IntergalacticTravelTests-Info.plist */,
				04B8EFD818D2B1CA00D4E13A /* InfoPlist.strings */,
			);
			name = "Supporting Files";
			sourceTree = "<group>";
		};
/* End PBXGroup section */

/* Begin PBXNativeTarget section */
		04B8EFAC18D2B1CA00D4E13A /* IntergalacticTravel */ = {
			isa = PBXNativeTarget;
			buildConfigurationList = 04B8EFDF18D2B1CA00D4E13A /* Build configuration list for PBXNativeTarget "IntergalacticTravel" */;
			buildPhases = (
				04B8EFA918D2B1CA00D4E13A /* Sources */,
				04B8EFAA18D2B1CA00D4E13A /* Frameworks */,
				04B8EFAB18D2B1CA00D4E13A /* Resources */,
			);
			buildRules = (
			);
			dependencies = (
			);
			name = IntergalacticTravel;
			productName = IntergalacticTravel;
			productReference = 04B8EFAD18D2B1CA00D4E13A /* IntergalacticTravel.app */;
			productType = "com.apple.product-type.application";
		};
		04B8EFCD18D2B1CA00D4E13A /* IntergalacticTravelTests */ = {
			isa = PBXNativeTarget;
			buildConfigurationList = 04B8EFE218D2B1CA00D4E13A /* Build configuration list for PBXNativeTarget "IntergalacticTravelTests" */;
			buildPhases = (
				04B8EFCA18D2B1CA00D4E13A /* Sources */,
				04B8EFCB18D2B1CA00D4E13A /* Frameworks */,
				04B8EFCC18D2B1CA00D4E13A /* Resources */,
			);
			buildRules = (
			);
			dependencies = (
				04B8EFD418D2B1CA00D4E13A /* PBXTargetDependency */,
			);
			name = IntergalacticTravelTests;
			productName = IntergalacticTravelTests;
			productReference = 04B8EFCE18D2B1CA00D4E13A /* IntergalacticTravelTests.xctest */;
			productType = "com.apple.product-type.bundle.unit-test";
		};
/* End PBXNativeTarget section */

/* Begin PBXProject section */
		04B8EFA518D2B1CA00D4E13A /* Project object */ = {
			isa = PBXProject;
			attributes = {
				LastUpgradeCheck = 0510;
				ORGANIZATIONNAME = wasatchCode;
				TargetAttributes = {
					04B8EFCD18D2B1CA00D4E13A = {
						TestTargetID = 04B8EFAC18D2B1CA00D4E13A;
					};
				};
			};
			buildConfigurationList = 04B8EFA818D2B1CA00D4E13A /* Build configuration list for PBXProject "IntergalacticTravel" */;
			compatibilityVersion = "Xcode 3.2";
			developmentRegion = English;
			hasScannedForEncodings = 0;
			knownRegions = (
				en,
				Base,
			);
			mainGroup = 04B8EFA418D2B1CA00D4E13A;
			productRefGroup = 04B8EFAE18D2B1CA00D4E13A /* Products */;
			projectDirPath = "";
			projectRoot = "";
			targets = (
				04B8EFAC18D2B1CA00D4E13A /* IntergalacticTravel */,
				04B8EFCD18D2B1CA00D4E13A /* IntergalacticTravelTests */,
			);
		};
/* End PBXProject section */

/* Begin PBXResourcesBuildPhase section */
		04B8EFAB18D2B1CA00D4E13A /* Resources */ = {
			isa = PBXResourcesBuildPhase;
			buildActionMask = 2147483647;
			files = (
				04B8EFC918D2B1CA00D4E13A /* Images.xcassets in Resources */,
				04B8EFBB18D2B1CA00D4E13A /* InfoPlist.strings in Resources */,
				04B8EFE918D2B74200D4E13A /* red_dwarf.png in Resources */,
				04B8EFEB18D2B99C00D4E13A /* Purple_Planet_by_SaptaRishi.png in Resources */,
				04B8EFC418D2B1CA00D4E13A /* Main.storyboard in Resources */,
			);
			runOnlyForDeploymentPostprocessing = 0;
		};
		04B8EFCC18D2B1CA00D4E13A /* Resources */ = {
			isa = PBXResourcesBuildPhase;
			buildActionMask = 2147483647;
			files = (
				04B8EFDA18D2B1CA00D4E13A /* InfoPlist.strings in Resources */,
			);
			runOnlyForDeploymentPostprocessing = 0;
		};
/* End PBXResourcesBuildPhase section */

/* Begin PBXSourcesBuildPhase section */
		04B8EFA918D2B1CA00D4E13A /* Sources */ = {
			isa = PBXSourcesBuildPhase;
			buildActionMask = 2147483647;
			files = (
				04B8EFC718D2B1CA00D4E13A /* ViewController.m in Sources */,
				04B8EFC118D2B1CA00D4E13A /* AppDelegate.m in Sources */,
				04B8EFBD18D2B1CA00D4E13A /* main.m in Sources */,
				04B8EFE718D2B53000D4E13A /* DestinationViewController.m in Sources */,
			);
			runOnlyForDeploymentPostprocessing = 0;
		};
		04B8EFCA18D2B1CA00D4E13A /* Sources */ = {
			isa = PBXSourcesBuildPhase;
			buildActionMask = 2147483647;
			files = (
				04B8EFDC18D2B1CA00D4E13A /* IntergalacticTravelTests.m in Sources */,
			);
			runOnlyForDeploymentPostprocessing = 0;
		};
/* End PBXSourcesBuildPhase section */

/* Begin PBXTargetDependency section */
		04B8EFD418D2B1CA00D4E13A /* PBXTargetDependency */ = {
			isa = PBXTargetDependency;
			target = 04B8EFAC18D2B1CA00D4E13A /* IntergalacticTravel */;
			targetProxy = 04B8EFD318D2B1CA00D4E13A /* PBXContainerItemProxy */;
		};
/* End PBXTargetDependency section */

/* Begin PBXVariantGroup section */
		04B8EFB918D2B1CA00D4E13A /* InfoPlist.strings */ = {
			isa = PBXVariantGroup;
			children = (
				04B8EFBA18D2B1CA00D4E13A /* en */,
			);
			name = InfoPlist.strings;
			sourceTree = "<group>";
		};
		04B8EFC218D2B1CA00D4E13A /* Main.storyboard */ = {
			isa = PBXVariantGroup;
			children = (
				04B8EFC318D2B1CA00D4E13A /* Base */,
			);
			name = Main.storyboard;
			sourceTree = "<group>";
		};
		04B8EFD818D2B1CA00D4E13A /* InfoPlist.strings */ = {
			isa = PBXVariantGroup;
			children = (
				04B8EFD918D2B1CA00D4E13A /* en */,
			);
			name = InfoPlist.strings;
			sourceTree = "<group>";
		};
/* End PBXVariantGroup section */

/* Begin XCBuildConfiguration section */
		04B8EFDD18D2B1CA00D4E13A /* Debug */ = {
			isa = XCBuildConfiguration;
			buildSettings = {
				ALWAYS_SEARCH_USER_PATHS = NO;
				CLANG_CXX_LANGUAGE_STANDARD = "gnu++0x";
				CLANG_CXX_LIBRARY = "libc++";
				CLANG_ENABLE_MODULES = YES;
				CLANG_ENABLE_OBJC_ARC = YES;
				CLANG_WARN_BOOL_CONVERSION = YES;
				CLANG_WARN_CONSTANT_CONVERSION = YES;
				CLANG_WARN_DIRECT_OBJC_ISA_USAGE = YES_ERROR;
				CLANG_WARN_EMPTY_BODY = YES;
				CLANG_WARN_ENUM_CONVERSION = YES;
				CLANG_WARN_INT_CONVERSION = YES;
				CLANG_WARN_OBJC_ROOT_CLASS = YES_ERROR;
				CLANG_WARN__DUPLICATE_METHOD_MATCH = YES;
				"CODE_SIGN_IDENTITY[sdk=iphoneos*]" = "iPhone Developer";
				COPY_PHASE_STRIP = NO;
				GCC_C_LANGUAGE_STANDARD = gnu99;
				GCC_DYNAMIC_NO_PIC = NO;
				GCC_OPTIMIZATION_LEVEL = 0;
				GCC_PREPROCESSOR_DEFINITIONS = (
					"DEBUG=1",
					"$(inherited)",
				);
				GCC_SYMBOLS_PRIVATE_EXTERN = NO;
				GCC_WARN_64_TO_32_BIT_CONVERSION = YES;
				GCC_WARN_ABOUT_RETURN_TYPE = YES_ERROR;
				GCC_WARN_UNDECLARED_SELECTOR = YES;
				GCC_WARN_UNINITIALIZED_AUTOS = YES_AGGRESSIVE;
				GCC_WARN_UNUSED_FUNCTION = YES;
				GCC_WARN_UNUSED_VARIABLE = YES;
				IPHONEOS_DEPLOYMENT_TARGET = 7.1;
				ONLY_ACTIVE_ARCH = YES;
				SDKROOT = iphoneos;
			};
			name = Debug;
		};
		04B8EFDE18D2B1CA00D4E13A /* Release */ = {
			isa = XCBuildConfiguration;
			buildSettings = {
				ALWAYS_SEARCH_USER_PATHS = NO;
				CLANG_CXX_LANGUAGE_STANDARD = "gnu++0x";
				CLANG_CXX_LIBRARY = "libc++";
				CLANG_ENABLE_MODULES = YES;
				CLANG_ENABLE_OBJC_ARC = YES;
				CLANG_WARN_BOOL_CONVERSION = YES;
				CLANG_WARN_CONSTANT_CONVERSION = YES;
				CLANG_WARN_DIRECT_OBJC_ISA_USAGE = YES_ERROR;
				CLANG_WARN_EMPTY_BODY = YES;
				CLANG_WARN_ENUM_CONVERSION = YES;
				CLANG_WARN_INT_CONVERSION = YES;
				CLANG_WARN_OBJC_ROOT_CLASS = YES_ERROR;
				CLANG_WARN__DUPLICATE_METHOD_MATCH = YES;
				"CODE_SIGN_IDENTITY[sdk=iphoneos*]" = "iPhone Developer";
				COPY_PHASE_STRIP = YES;
				ENABLE_NS_ASSERTIONS = NO;
				GCC_C_LANGUAGE_STANDARD = gnu99;
				GCC_WARN_64_TO_32_BIT_CONVERSION = YES;
				GCC_WARN_ABOUT_RETURN_TYPE = YES_ERROR;
				GCC_WARN_UNDECLARED_SELECTOR = YES;
				GCC_WARN_UNINITIALIZED_AUTOS = YES_AGGRESSIVE;
				GCC_WARN_UNUSED_FUNCTION = YES;
				GCC_WARN_UNUSED_VARIABLE = YES;
				IPHONEOS_DEPLOYMENT_TARGET = 7.1;
				SDKROOT = iphoneos;
				VALIDATE_PRODUCT = YES;
			};
			name = Release;
		};
		04B8EFE018D2B1CA00D4E13A /* Debug */ = {
			isa = XCBuildConfiguration;
			buildSettings = {
				ASSETCATALOG_COMPILER_APPICON_NAME = AppIcon;
				ASSETCATALOG_COMPILER_LAUNCHIMAGE_NAME = LaunchImage;
				GCC_PRECOMPILE_PREFIX_HEADER = YES;
				GCC_PREFIX_HEADER = "IntergalacticTravel/IntergalacticTravel-Prefix.pch";
				INFOPLIST_FILE = "IntergalacticTravel/IntergalacticTravel-Info.plist";
				PRODUCT_NAME = "$(TARGET_NAME)";
				WRAPPER_EXTENSION = app;
			};
			name = Debug;
		};
		04B8EFE118D2B1CA00D4E13A /* Release */ = {
			isa = XCBuildConfiguration;
			buildSettings = {
				ASSETCATALOG_COMPILER_APPICON_NAME = AppIcon;
				ASSETCATALOG_COMPILER_LAUNCHIMAGE_NAME = LaunchImage;
				GCC_PRECOMPILE_PREFIX_HEADER = YES;
				GCC_PREFIX_HEADER = "IntergalacticTravel/IntergalacticTravel-Prefix.pch";
				INFOPLIST_FILE = "IntergalacticTravel/IntergalacticTravel-Info.plist";
				PRODUCT_NAME = "$(TARGET_NAME)";
				WRAPPER_EXTENSION = app;
			};
			name = Release;
		};
		04B8EFE318D2B1CA00D4E13A /* Debug */ = {
			isa = XCBuildConfiguration;
			buildSettings = {
				BUNDLE_LOADER = "$(BUILT_PRODUCTS_DIR)/IntergalacticTravel.app/IntergalacticTravel";
				FRAMEWORK_SEARCH_PATHS = (
					"$(SDKROOT)/Developer/Library/Frameworks",
					"$(inherited)",
					"$(DEVELOPER_FRAMEWORKS_DIR)",
				);
				GCC_PRECOMPILE_PREFIX_HEADER = YES;
				GCC_PREFIX_HEADER = "IntergalacticTravel/IntergalacticTravel-Prefix.pch";
				GCC_PREPROCESSOR_DEFINITIONS = (
					"DEBUG=1",
					"$(inherited)",
				);
				INFOPLIST_FILE = "IntergalacticTravelTests/IntergalacticTravelTests-Info.plist";
				PRODUCT_NAME = "$(TARGET_NAME)";
				TEST_HOST = "$(BUNDLE_LOADER)";
				WRAPPER_EXTENSION = xctest;
			};
			name = Debug;
		};
		04B8EFE418D2B1CA00D4E13A /* Release */ = {
			isa = XCBuildConfiguration;
			buildSettings = {
				BUNDLE_LOADER = "$(BUILT_PRODUCTS_DIR)/IntergalacticTravel.app/IntergalacticTravel";
				FRAMEWORK_SEARCH_PATHS = (
					"$(SDKROOT)/Developer/Library/Frameworks",
					"$(inherited)",
					"$(DEVELOPER_FRAMEWORKS_DIR)",
				);
				GCC_PRECOMPILE_PREFIX_HEADER = YES;
				GCC_PREFIX_HEADER = "IntergalacticTravel/IntergalacticTravel-Prefix.pch";
				INFOPLIST_FILE = "IntergalacticTravelTests/IntergalacticTravelTests-Info.plist";
				PRODUCT_NAME = "$(TARGET_NAME)";
				TEST_HOST = "$(BUNDLE_LOADER)";
				WRAPPER_EXTENSION = xctest;
			};
			name = Release;
		};
/* End XCBuildConfiguration section */

/* Begin XCConfigurationList section */
		04B8EFA818D2B1CA00D4E13A /* Build configuration list for PBXProject "IntergalacticTravel" */ = {
			isa = XCConfigurationList;
			buildConfigurations = (
				04B8EFDD18D2B1CA00D4E13A /* Debug */,
				04B8EFDE18D2B1CA00D4E13A /* Release */,
			);
			defaultConfigurationIsVisible = 0;
			defaultConfigurationName = Release;
		};
		04B8EFDF18D2B1CA00D4E13A /* Build configuration list for PBXNativeTarget "IntergalacticTravel" */ = {
			isa = XCConfigurationList;
			buildConfigurations = (
				04B8EFE018D2B1CA00D4E13A /* Debug */,
				04B8EFE118D2B1CA00D4E13A /* Release */,
			);
			defaultConfigurationIsVisible = 0;
		};
		04B8EFE218D2B1CA00D4E13A /* Build configuration list for PBXNativeTarget "IntergalacticTravelTests" */ = {
			isa = XCConfigurationList;
			buildConfigurations = (
				04B8EFE318D2B1CA00D4E13A /* Debug */,
				04B8EFE418D2B1CA00D4E13A /* Release */,
			);
			defaultConfigurationIsVisible = 0;
		};
/* End XCConfigurationList section */
	};
	rootObject = 04B8EFA518D2B1CA00D4E13A /* Project object */;
}
